
Microsoft Visual Studio Solution File, Format Version 12.00
# Visual Studio Version 16
VisualStudioVersion = 16.0.30907.101
MinimumVisualStudioVersion = 10.0.40219.1
Project("{FAE04EC0-301F-11D3-BF4B-00C04F79EFBC}") = "UyumsoftProje2", "UyumsoftProje2\UyumsoftProje2.csproj", "{12A22E67-DE18-4673-88F9-93401EA2826E}"
EndProject
Global
	GlobalSection(SolutionConfigurationPlatforms) = preSolution
		Debug|Any CPU = Debug|Any CPU
		Release|Any CPU = Release|Any CPU
	EndGlobalSection
	GlobalSection(ProjectConfigurationPlatforms) = postSolution
		{12A22E67-DE18-4673-88F9-93401EA2826E}.Debug|Any CPU.ActiveCfg = Debug|Any CPU
		{12A22E67-DE18-4673-88F9-93401EA2826E}.Debug|Any CPU.Build.0 = Debug|Any CPU
		{12A22E67-DE18-4673-88F9-93401EA2826E}.Release|Any CPU.ActiveCfg = Release|Any CPU
		{12A22E67-DE18-4673-88F9-93401EA2826E}.Release|Any CPU.Build.0 = Release|Any CPU
	EndGlobalSection
	GlobalSection(SolutionProperties) = preSolution
		HideSolutionNode = FALSE
	EndGlobalSection
	GlobalSection(ExtensibilityGlobals) = postSolution
		SolutionGuid = {2E3DE37A-373F-41DF-8AFE-5016FBB8284C}
	EndGlobalSection
EndGlobal
